
Microsoft Visual Studio Solution File, Format Version 12.00
# Visual Studio Version 17
VisualStudioVersion = 17.1.32407.343
MinimumVisualStudioVersion = 10.0.40219.1
Project("{FAE04EC0-301F-11D3-BF4B-00C04F79EFBC}") = "API", "API\API.csproj", "{1E50FEBC-1A6C-4E42-8C42-618706486DE4}"
EndProject
Global
	GlobalSection(SolutionConfigurationPlatforms) = preSolution
		Debug|Any CPU = Debug|Any CPU
		Release|Any CPU = Release|Any CPU
	EndGlobalSection
	GlobalSection(ProjectConfigurationPlatforms) = postSolution
		{1E50FEBC-1A6C-4E42-8C42-618706486DE4}.Debug|Any CPU.ActiveCfg = Debug|Any CPU
		{1E50FEBC-1A6C-4E42-8C42-618706486DE4}.Debug|Any CPU.Build.0 = Debug|Any CPU
		{1E50FEBC-1A6C-4E42-8C42-618706486DE4}.Release|Any CPU.ActiveCfg = Release|Any CPU
		{1E50FEBC-1A6C-4E42-8C42-618706486DE4}.Release|Any CPU.Build.0 = Release|Any CPU
	EndGlobalSection
	GlobalSection(SolutionProperties) = preSolution
		HideSolutionNode = FALSE
	EndGlobalSection
	GlobalSection(ExtensibilityGlobals) = postSolution
		SolutionGuid = {64B085D6-9BD2-4D4C-A41A-08E0352F9AAB}
	EndGlobalSection
EndGlobal
